{
    "version": 3,
    "terraform_version": "0.11.8",
    "serial": 30,
    "lineage": "7bd3ec2b-8d44-1a59-f528-9f2d1cde6a25",
    "modules": [
        {
            "path": [
                "root"
            ],
            "outputs": {
                "public_subnets_id": {
                    "sensitive": false,
                    "type": "string",
                    "value": "subnet-08c64a218c09182cf,subnet-03ffdd914b6305409"
                },
                "rds_address": {
                    "sensitive": false,
                    "type": "string",
                    "value": "tendo-dev.cdejlr4yidxi.ca-central-1.rds.amazonaws.com"
                },
                "rds_sg_id": {
                    "sensitive": false,
                    "type": "string",
                    "value": "sg-0567eea4625474a89"
                }
            },
            "resources": {},
            "depends_on": []
        },
        {
            "path": [
                "root",
                "ec2"
            ],
            "outputs": {
                "ec2_id": {
                    "sensitive": false,
                    "type": "string",
                    "value": "i-0a5bc2043479b8e7c"
                }
            },
            "resources": {},
            "depends_on": []
        },
        {
            "path": [
                "root",
                "rds"
            ],
            "outputs": {
                "rds_address": {
                    "sensitive": false,
                    "type": "string",
                    "value": "tendo-dev.cdejlr4yidxi.ca-central-1.rds.amazonaws.com"
                }
            },
            "resources": {
                "aws_db_instance.rds": {
                    "type": "aws_db_instance",
                    "depends_on": [
                        "aws_db_subnet_group.rds_subnet_group"
                    ],
                    "primary": {
                        "id": "tendo-dev",
                        "attributes": {
                            "address": "tendo-dev.cdejlr4yidxi.ca-central-1.rds.amazonaws.com",
                            "allocated_storage": "5",
                            "arn": "arn:aws:rds:ca-central-1:878161400374:db:tendo-dev",
                            "auto_minor_version_upgrade": "true",
                            "availability_zone": "ca-central-1a",
                            "backup_retention_period": "0",
                            "backup_window": "04:04-04:34",
                            "ca_cert_identifier": "rds-ca-2019",
                            "copy_tags_to_snapshot": "false",
                            "db_subnet_group_name": "tendo-dev-subnet-group",
                            "delete_automated_backups": "true",
                            "deletion_protection": "false",
                            "domain": "",
                            "domain_iam_role_name": "",
                            "enabled_cloudwatch_logs_exports.#": "0",
                            "endpoint": "tendo-dev.cdejlr4yidxi.ca-central-1.rds.amazonaws.com:3306",
                            "engine": "mysql",
                            "engine_version": "5.6.34",
                            "hosted_zone_id": "Z1JG78A3UK1DU3",
                            "iam_database_authentication_enabled": "false",
                            "id": "tendo-dev",
                            "identifier": "tendo-dev",
                            "instance_class": "db.t2.micro",
                            "iops": "0",
                            "kms_key_id": "",
                            "license_model": "general-public-license",
                            "maintenance_window": "sun:08:45-sun:09:15",
                            "max_allocated_storage": "0",
                            "monitoring_interval": "0",
                            "monitoring_role_arn": "",
                            "multi_az": "false",
                            "name": "wordpress",
                            "option_group_name": "default:mysql-5-6",
                            "parameter_group_name": "default.mysql5.6",
                            "password": "securepassword",
                            "performance_insights_enabled": "false",
                            "performance_insights_kms_key_id": "",
                            "performance_insights_retention_period": "0",
                            "port": "3306",
                            "publicly_accessible": "false",
                            "replicas.#": "0",
                            "replicate_source_db": "",
                            "resource_id": "db-LHR6JJLQLOB3U2C42RCVJPTXB4",
                            "security_group_names.#": "0",
                            "skip_final_snapshot": "false",
                            "status": "available",
                            "storage_encrypted": "false",
                            "storage_type": "gp2",
                            "tags.%": "1",
                            "tags.environment": "dev",
                            "timezone": "",
                            "username": "root",
                            "vpc_security_group_ids.#": "1",
                            "vpc_security_group_ids.3016746635": "sg-0567eea4625474a89"
                        },
                        "meta": {
                            "e2bfb730-ecaa-11e6-8f88-34363bc7c4c0": {
                                "create": 2400000000000,
                                "delete": 2400000000000,
                                "update": 4800000000000
                            },
                            "schema_version": "1"
                        },
                        "tainted": false
                    },
                    "deposed": [],
                    "provider": "provider.aws"
                },
                "aws_db_subnet_group.rds_subnet_group": {
                    "type": "aws_db_subnet_group",
                    "depends_on": [],
                    "primary": {
                        "id": "tendo-dev-subnet-group",
                        "attributes": {
                            "arn": "arn:aws:rds:ca-central-1:878161400374:subgrp:tendo-dev-subnet-group",
                            "description": "Our main group of subnets",
                            "id": "tendo-dev-subnet-group",
                            "name": "tendo-dev-subnet-group",
                            "subnet_ids.#": "2",
                            "subnet_ids.3178103958": "subnet-092575e7c46d42658",
                            "subnet_ids.379416294": "subnet-051806282498fcce4",
                            "tags.%": "0"
                        },
                        "meta": {},
                        "tainted": false
                    },
                    "deposed": [],
                    "provider": "provider.aws"
                }
            },
            "depends_on": []
        },
        {
            "path": [
                "root",
                "rds_sg"
            ],
            "outputs": {
                "rds_sg_id": {
                    "sensitive": false,
                    "type": "string",
                    "value": "sg-0567eea4625474a89"
                }
            },
            "resources": {
                "aws_security_group.rds_sg": {
                    "type": "aws_security_group",
                    "depends_on": [],
                    "primary": {
                        "id": "sg-0567eea4625474a89",
                        "attributes": {
                            "arn": "arn:aws:ec2:ca-central-1:878161400374:security-group/sg-0567eea4625474a89",
                            "description": "Security Group tendo-dev",
                            "egress.#": "1",
                            "egress.482069346.cidr_blocks.#": "1",
                            "egress.482069346.cidr_blocks.0": "0.0.0.0/0",
                            "egress.482069346.description": "",
                            "egress.482069346.from_port": "0",
                            "egress.482069346.ipv6_cidr_blocks.#": "0",
                            "egress.482069346.prefix_list_ids.#": "0",
                            "egress.482069346.protocol": "-1",
                            "egress.482069346.security_groups.#": "0",
                            "egress.482069346.self": "false",
                            "egress.482069346.to_port": "0",
                            "id": "sg-0567eea4625474a89",
                            "ingress.#": "2",
                            "ingress.3254531125.cidr_blocks.#": "0",
                            "ingress.3254531125.description": "",
                            "ingress.3254531125.from_port": "3306",
                            "ingress.3254531125.ipv6_cidr_blocks.#": "0",
                            "ingress.3254531125.prefix_list_ids.#": "0",
                            "ingress.3254531125.protocol": "tcp",
                            "ingress.3254531125.security_groups.#": "1",
                            "ingress.3254531125.security_groups.3187204232": "sg-0c38709b11db523c2",
                            "ingress.3254531125.self": "false",
                            "ingress.3254531125.to_port": "3306",
                            "ingress.753360330.cidr_blocks.#": "0",
                            "ingress.753360330.description": "",
                            "ingress.753360330.from_port": "0",
                            "ingress.753360330.ipv6_cidr_blocks.#": "0",
                            "ingress.753360330.prefix_list_ids.#": "0",
                            "ingress.753360330.protocol": "-1",
                            "ingress.753360330.security_groups.#": "0",
                            "ingress.753360330.self": "true",
                            "ingress.753360330.to_port": "0",
                            "name": "tendo-dev-rds",
                            "owner_id": "878161400374",
                            "revoke_rules_on_delete": "false",
                            "tags.%": "2",
                            "tags.Name": "tendo-dev-rds",
                            "tags.environment": "dev",
                            "vpc_id": "vpc-031808e86790a6553"
                        },
                        "meta": {
                            "e2bfb730-ecaa-11e6-8f88-34363bc7c4c0": {
                                "create": 600000000000,
                                "delete": 600000000000
                            },
                            "schema_version": "1"
                        },
                        "tainted": false
                    },
                    "deposed": [],
                    "provider": "provider.aws"
                }
            },
            "depends_on": []
        },
        {
            "path": [
                "root",
                "ssh_sg"
            ],
            "outputs": {
                "ssh_sg_id": {
                    "sensitive": false,
                    "type": "string",
                    "value": "sg-0f2f27622d3cf13d3"
                }
            },
            "resources": {},
            "depends_on": []
        },
        {
            "path": [
                "root",
                "vpc_subnets"
            ],
            "outputs": {
                "private_subnets_id": {
                    "sensitive": false,
                    "type": "string",
                    "value": "subnet-051806282498fcce4,subnet-092575e7c46d42658"
                },
                "public_subnets_id": {
                    "sensitive": false,
                    "type": "string",
                    "value": "subnet-08c64a218c09182cf,subnet-03ffdd914b6305409"
                },
                "vpc_id": {
                    "sensitive": false,
                    "type": "string",
                    "value": "vpc-031808e86790a6553"
                }
            },
            "resources": {
                "aws_subnet.private.0": {
                    "type": "aws_subnet",
                    "depends_on": [
                        "aws_vpc.vpc"
                    ],
                    "primary": {
                        "id": "subnet-051806282498fcce4",
                        "attributes": {
                            "arn": "arn:aws:ec2:ca-central-1:878161400374:subnet/subnet-051806282498fcce4",
                            "assign_ipv6_address_on_creation": "false",
                            "availability_zone": "ca-central-1a",
                            "availability_zone_id": "cac1-az1",
                            "cidr_block": "172.16.30.0/24",
                            "id": "subnet-051806282498fcce4",
                            "ipv6_cidr_block": "",
                            "ipv6_cidr_block_association_id": "",
                            "map_public_ip_on_launch": "false",
                            "outpost_arn": "",
                            "owner_id": "878161400374",
                            "tags.%": "1",
                            "tags.Name": "tendo-dev-private-ca-central-1a",
                            "vpc_id": "vpc-031808e86790a6553"
                        },
                        "meta": {
                            "e2bfb730-ecaa-11e6-8f88-34363bc7c4c0": {
                                "create": 600000000000,
                                "delete": 1200000000000
                            },
                            "schema_version": "1"
                        },
                        "tainted": false
                    },
                    "deposed": [],
                    "provider": "provider.aws"
                },
                "aws_subnet.private.1": {
                    "type": "aws_subnet",
                    "depends_on": [
                        "aws_vpc.vpc"
                    ],
                    "primary": {
                        "id": "subnet-092575e7c46d42658",
                        "attributes": {
                            "arn": "arn:aws:ec2:ca-central-1:878161400374:subnet/subnet-092575e7c46d42658",
                            "assign_ipv6_address_on_creation": "false",
                            "availability_zone": "ca-central-1b",
                            "availability_zone_id": "cac1-az2",
                            "cidr_block": "172.16.40.0/24",
                            "id": "subnet-092575e7c46d42658",
                            "ipv6_cidr_block": "",
                            "ipv6_cidr_block_association_id": "",
                            "map_public_ip_on_launch": "false",
                            "outpost_arn": "",
                            "owner_id": "878161400374",
                            "tags.%": "1",
                            "tags.Name": "tendo-dev-private-ca-central-1b",
                            "vpc_id": "vpc-031808e86790a6553"
                        },
                        "meta": {
                            "e2bfb730-ecaa-11e6-8f88-34363bc7c4c0": {
                                "create": 600000000000,
                                "delete": 1200000000000
                            },
                            "schema_version": "1"
                        },
                        "tainted": false
                    },
                    "deposed": [],
                    "provider": "provider.aws"
                },
                "aws_vpc.vpc": {
                    "type": "aws_vpc",
                    "depends_on": [],
                    "primary": {
                        "id": "vpc-031808e86790a6553",
                        "attributes": {
                            "arn": "arn:aws:ec2:ca-central-1:878161400374:vpc/vpc-031808e86790a6553",
                            "assign_generated_ipv6_cidr_block": "false",
                            "cidr_block": "172.16.0.0/16",
                            "default_network_acl_id": "acl-0f2fe46a877779677",
                            "default_route_table_id": "rtb-0f2388d3751d1c75c",
                            "default_security_group_id": "sg-05526204ff154d871",
                            "dhcp_options_id": "dopt-31cdfe58",
                            "enable_dns_hostnames": "true",
                            "enable_dns_support": "true",
                            "id": "vpc-031808e86790a6553",
                            "instance_tenancy": "default",
                            "ipv6_association_id": "",
                            "ipv6_cidr_block": "",
                            "main_route_table_id": "rtb-0f2388d3751d1c75c",
                            "owner_id": "878161400374",
                            "tags.%": "2",
                            "tags.Name": "tendo-dev-vpc",
                            "tags.environment": "dev"
                        },
                        "meta": {
                            "schema_version": "1"
                        },
                        "tainted": false
                    },
                    "deposed": [],
                    "provider": "provider.aws"
                }
            },
            "depends_on": []
        },
        {
            "path": [
                "root",
                "web_sg"
            ],
            "outputs": {
                "web_sg_id": {
                    "sensitive": false,
                    "type": "string",
                    "value": "sg-0c38709b11db523c2"
                }
            },
            "resources": {
                "aws_security_group.web_sg": {
                    "type": "aws_security_group",
                    "depends_on": [],
                    "primary": {
                        "id": "sg-0c38709b11db523c2",
                        "attributes": {
                            "arn": "arn:aws:ec2:ca-central-1:878161400374:security-group/sg-0c38709b11db523c2",
                            "description": "Security Group tendo-dev",
                            "egress.#": "1",
                            "egress.482069346.cidr_blocks.#": "1",
                            "egress.482069346.cidr_blocks.0": "0.0.0.0/0",
                            "egress.482069346.description": "",
                            "egress.482069346.from_port": "0",
                            "egress.482069346.ipv6_cidr_blocks.#": "0",
                            "egress.482069346.prefix_list_ids.#": "0",
                            "egress.482069346.protocol": "-1",
                            "egress.482069346.security_groups.#": "0",
                            "egress.482069346.self": "false",
                            "egress.482069346.to_port": "0",
                            "id": "sg-0c38709b11db523c2",
                            "ingress.#": "3",
                            "ingress.2214680975.cidr_blocks.#": "1",
                            "ingress.2214680975.cidr_blocks.0": "0.0.0.0/0",
                            "ingress.2214680975.description": "",
                            "ingress.2214680975.from_port": "80",
                            "ingress.2214680975.ipv6_cidr_blocks.#": "0",
                            "ingress.2214680975.prefix_list_ids.#": "0",
                            "ingress.2214680975.protocol": "tcp",
                            "ingress.2214680975.security_groups.#": "0",
                            "ingress.2214680975.self": "false",
                            "ingress.2214680975.to_port": "80",
                            "ingress.2617001939.cidr_blocks.#": "1",
                            "ingress.2617001939.cidr_blocks.0": "0.0.0.0/0",
                            "ingress.2617001939.description": "",
                            "ingress.2617001939.from_port": "443",
                            "ingress.2617001939.ipv6_cidr_blocks.#": "0",
                            "ingress.2617001939.prefix_list_ids.#": "0",
                            "ingress.2617001939.protocol": "tcp",
                            "ingress.2617001939.security_groups.#": "0",
                            "ingress.2617001939.self": "false",
                            "ingress.2617001939.to_port": "443",
                            "ingress.753360330.cidr_blocks.#": "0",
                            "ingress.753360330.description": "",
                            "ingress.753360330.from_port": "0",
                            "ingress.753360330.ipv6_cidr_blocks.#": "0",
                            "ingress.753360330.prefix_list_ids.#": "0",
                            "ingress.753360330.protocol": "-1",
                            "ingress.753360330.security_groups.#": "0",
                            "ingress.753360330.self": "true",
                            "ingress.753360330.to_port": "0",
                            "name": "tendo-dev-web",
                            "owner_id": "878161400374",
                            "revoke_rules_on_delete": "false",
                            "tags.%": "2",
                            "tags.Name": "tendo-dev-web",
                            "tags.environment": "dev",
                            "vpc_id": "vpc-031808e86790a6553"
                        },
                        "meta": {
                            "e2bfb730-ecaa-11e6-8f88-34363bc7c4c0": {
                                "create": 600000000000,
                                "delete": 600000000000
                            },
                            "schema_version": "1"
                        },
                        "tainted": false
                    },
                    "deposed": [],
                    "provider": "provider.aws"
                }
            },
            "depends_on": []
        }
    ]
}
